
Microsoft Visual Studio Solution File, Format Version 12.00
# Visual Studio Version 17
VisualStudioVersion = 17.0.31808.319
MinimumVisualStudioVersion = 10.0.40219.1
Project("{9A19103F-16F7-4668-BE54-9A1E7A4F7556}") = "EFCoreAuditing", "EFCoreAuditing\EFCoreAuditing.csproj", "{79B289BE-9E5C-44AF-B4DE-62E75E708DE9}"
EndProject
Project("{9A19103F-16F7-4668-BE54-9A1E7A4F7556}") = "EFCoreAuditing.Samples.Cars.API", "Samples\EFCoreAuditing.Samples.Cars.API\EFCoreAuditing.Samples.Cars.API.csproj", "{EAF9D501-92EF-400B-B56D-1F2D28903AA7}"
EndProject
Global
	GlobalSection(SolutionConfigurationPlatforms) = preSolution
		Debug|Any CPU = Debug|Any CPU
		Release|Any CPU = Release|Any CPU
	EndGlobalSection
	GlobalSection(ProjectConfigurationPlatforms) = postSolution
		{79B289BE-9E5C-44AF-B4DE-62E75E708DE9}.Debug|Any CPU.ActiveCfg = Debug|Any CPU
		{79B289BE-9E5C-44AF-B4DE-62E75E708DE9}.Debug|Any CPU.Build.0 = Debug|Any CPU
		{79B289BE-9E5C-44AF-B4DE-62E75E708DE9}.Release|Any CPU.ActiveCfg = Release|Any CPU
		{79B289BE-9E5C-44AF-B4DE-62E75E708DE9}.Release|Any CPU.Build.0 = Release|Any CPU
		{EAF9D501-92EF-400B-B56D-1F2D28903AA7}.Debug|Any CPU.ActiveCfg = Debug|Any CPU
		{EAF9D501-92EF-400B-B56D-1F2D28903AA7}.Debug|Any CPU.Build.0 = Debug|Any CPU
		{EAF9D501-92EF-400B-B56D-1F2D28903AA7}.Release|Any CPU.ActiveCfg = Release|Any CPU
		{EAF9D501-92EF-400B-B56D-1F2D28903AA7}.Release|Any CPU.Build.0 = Release|Any CPU
	EndGlobalSection
	GlobalSection(SolutionProperties) = preSolution
		HideSolutionNode = FALSE
	EndGlobalSection
	GlobalSection(ExtensibilityGlobals) = postSolution
		SolutionGuid = {2572C304-E902-44FD-83AF-7F74B792EACE}
	EndGlobalSection
EndGlobal
